// !$*UTF8*$!
{
	archiveVersion = 1;
	classes = {
	};
	objectVersion = 50;
	objects = {

/* Begin PBXBuildFile section */
		EE76E355246604CC007D06C3 /* AppDelegate.swift in Sources */ = {isa = PBXBuildFile; fileRef = EE76E354246604CC007D06C3 /* AppDelegate.swift */; };
		EE76E357246604CC007D06C3 /* SceneDelegate.swift in Sources */ = {isa = PBXBuildFile; fileRef = EE76E356246604CC007D06C3 /* SceneDelegate.swift */; };
		EE76E359246604CC007D06C3 /* ContentView.swift in Sources */ = {isa = PBXBuildFile; fileRef = EE76E358246604CC007D06C3 /* ContentView.swift */; };
		EE76E35B246604CD007D06C3 /* Assets.xcassets in Resources */ = {isa = PBXBuildFile; fileRef = EE76E35A246604CD007D06C3 /* Assets.xcassets */; };
		EE76E35E246604CD007D06C3 /* Preview Assets.xcassets in Resources */ = {isa = PBXBuildFile; fileRef = EE76E35D246604CD007D06C3 /* Preview Assets.xcassets */; };
		EE76E361246604CD007D06C3 /* LaunchScreen.storyboard in Resources */ = {isa = PBXBuildFile; fileRef = EE76E35F246604CD007D06C3 /* LaunchScreen.storyboard */; };
		EE76E36E246605D3007D06C3 /* Monument.swift in Sources */ = {isa = PBXBuildFile; fileRef = EE76E36D246605D3007D06C3 /* Monument.swift */; };
		EE76E37424660F62007D06C3 /* MonumentDetail.swift in Sources */ = {isa = PBXBuildFile; fileRef = EE76E37324660F62007D06C3 /* MonumentDetail.swift */; };
/* End PBXBuildFile section */

/* Begin PBXFileReference section */
		EE76E351246604CC007D06C3 /* SwiftUIList.app */ = {isa = PBXFileReference; explicitFileType = wrapper.application; includeInIndex = 0; path = SwiftUIList.app; sourceTree = BUILT_PRODUCTS_DIR; };
		EE76E354246604CC007D06C3 /* AppDelegate.swift */ = {isa = PBXFileReference; lastKnownFileType = sourcecode.swift; path = AppDelegate.swift; sourceTree = "<group>"; };
		EE76E356246604CC007D06C3 /* SceneDelegate.swift */ = {isa = PBXFileReference; lastKnownFileType = sourcecode.swift; path = SceneDelegate.swift; sourceTree = "<group>"; };
		EE76E358246604CC007D06C3 /* ContentView.swift */ = {isa = PBXFileReference; lastKnownFileType = sourcecode.swift; path = ContentView.swift; sourceTree = "<group>"; };
		EE76E35A246604CD007D06C3 /* Assets.xcassets */ = {isa = PBXFileReference; lastKnownFileType = folder.assetcatalog; path = Assets.xcassets; sourceTree = "<group>"; };
		EE76E35D246604CD007D06C3 /* Preview Assets.xcassets */ = {isa = PBXFileReference; lastKnownFileType = folder.assetcatalog; path = "Preview Assets.xcassets"; sourceTree = "<group>"; };
		EE76E360246604CD007D06C3 /* Base */ = {isa = PBXFileReference; lastKnownFileType = file.storyboard; name = Base; path = Base.lproj/LaunchScreen.storyboard; sourceTree = "<group>"; };
		EE76E362246604CD007D06C3 /* Info.plist */ = {isa = PBXFileReference; lastKnownFileType = text.plist.xml; path = Info.plist; sourceTree = "<group>"; };
		EE76E36D246605D3007D06C3 /* Monument.swift */ = {isa = PBXFileReference; lastKnownFileType = sourcecode.swift; path = Monument.swift; sourceTree = "<group>"; };
		EE76E37324660F62007D06C3 /* MonumentDetail.swift */ = {isa = PBXFileReference; lastKnownFileType = sourcecode.swift; path = MonumentDetail.swift; sourceTree = "<group>"; };
/* End PBXFileReference section */

/* Begin PBXFrameworksBuildPhase section */
		EE76E34E246604CC007D06C3 /* Frameworks */ = {
			isa = PBXFrameworksBuildPhase;
			buildActionMask = 2147483647;
			files = (
			);
			runOnlyForDeploymentPostprocessing = 0;
		};
/* End PBXFrameworksBuildPhase section */

/* Begin PBXGroup section */
		EE76E348246604CC007D06C3 = {
			isa = PBXGroup;
			children = (
				EE76E353246604CC007D06C3 /* SwiftUIList */,
				EE76E352246604CC007D06C3 /* Products */,
			);
			sourceTree = "<group>";
		};
		EE76E352246604CC007D06C3 /* Products */ = {
			isa = PBXGroup;
			children = (
				EE76E351246604CC007D06C3 /* SwiftUIList.app */,
			);
			name = Products;
			sourceTree = "<group>";
		};
		EE76E353246604CC007D06C3 /* SwiftUIList */ = {
			isa = PBXGroup;
			children = (
				EE76E354246604CC007D06C3 /* AppDelegate.swift */,
				EE76E36A2466050D007D06C3 /* Models */,
				EE76E356246604CC007D06C3 /* SceneDelegate.swift */,
				EE76E358246604CC007D06C3 /* ContentView.swift */,
				EE76E37324660F62007D06C3 /* MonumentDetail.swift */,
				EE76E35A246604CD007D06C3 /* Assets.xcassets */,
				EE76E35F246604CD007D06C3 /* LaunchScreen.storyboard */,
				EE76E362246604CD007D06C3 /* Info.plist */,
				EE76E35C246604CD007D06C3 /* Preview Content */,
			);
			path = SwiftUIList;
			sourceTree = "<group>";
		};
		EE76E35C246604CD007D06C3 /* Preview Content */ = {
			isa = PBXGroup;
			children = (
				EE76E35D246604CD007D06C3 /* Preview Assets.xcassets */,
			);
			path = "Preview Content";
			sourceTree = "<group>";
		};
		EE76E36A2466050D007D06C3 /* Models */ = {
			isa = PBXGroup;
			children = (
				EE76E36D246605D3007D06C3 /* Monument.swift */,
			);
			path = Models;
			sourceTree = "<group>";
		};
/* End PBXGroup section */

/* Begin PBXNativeTarget section */
		EE76E350246604CC007D06C3 /* SwiftUIList */ = {
			isa = PBXNativeTarget;
			buildConfigurationList = EE76E365246604CD007D06C3 /* Build configuration list for PBXNativeTarget "SwiftUIList" */;
			buildPhases = (
				EE76E34D246604CC007D06C3 /* Sources */,
				EE76E34E246604CC007D06C3 /* Frameworks */,
				EE76E34F246604CC007D06C3 /* Resources */,
			);
			buildRules = (
			);
			dependencies = (
			);
			name = SwiftUIList;
			productName = SwiftUIList;
			productReference = EE76E351246604CC007D06C3 /* SwiftUIList.app */;
			productType = "com.apple.product-type.application";
		};
/* End PBXNativeTarget section */

/* Begin PBXProject section */
		EE76E349246604CC007D06C3 /* Project object */ = {
			isa = PBXProject;
			attributes = {
				LastSwiftUpdateCheck = 1130;
				LastUpgradeCheck = 1130;
				ORGANIZATIONNAME = "app-developerz";
				TargetAttributes = {
					EE76E350246604CC007D06C3 = {
						CreatedOnToolsVersion = 11.3.1;
					};
				};
			};
			buildConfigurationList = EE76E34C246604CC007D06C3 /* Build configuration list for PBXProject "SwiftUIList" */;
			compatibilityVersion = "Xcode 9.3";
			developmentRegion = en;
			hasScannedForEncodings = 0;
			knownRegions = (
				en,
				Base,
			);
			mainGroup = EE76E348246604CC007D06C3;
			productRefGroup = EE76E352246604CC007D06C3 /* Products */;
			projectDirPath = "";
			projectRoot = "";
			targets = (
				EE76E350246604CC007D06C3 /* SwiftUIList */,
			);
		};
/* End PBXProject section */

/* Begin PBXResourcesBuildPhase section */
		EE76E34F246604CC007D06C3 /* Resources */ = {
			isa = PBXResourcesBuildPhase;
			buildActionMask = 2147483647;
			files = (
				EE76E361246604CD007D06C3 /* LaunchScreen.storyboard in Resources */,
				EE76E35E246604CD007D06C3 /* Preview Assets.xcassets in Resources */,
				EE76E35B246604CD007D06C3 /* Assets.xcassets in Resources */,
			);
			runOnlyForDeploymentPostprocessing = 0;
		};
/* End PBXResourcesBuildPhase section */

/* Begin PBXSourcesBuildPhase section */
		EE76E34D246604CC007D06C3 /* Sources */ = {
			isa = PBXSourcesBuildPhase;
			buildActionMask = 2147483647;
			files = (
				EE76E36E246605D3007D06C3 /* Monument.swift in Sources */,
				EE76E37424660F62007D06C3 /* MonumentDetail.swift in Sources */,
				EE76E355246604CC007D06C3 /* AppDelegate.swift in Sources */,
				EE76E357246604CC007D06C3 /* SceneDelegate.swift in Sources */,
				EE76E359246604CC007D06C3 /* ContentView.swift in Sources */,
			);
			runOnlyForDeploymentPostprocessing = 0;
		};
/* End PBXSourcesBuildPhase section */

/* Begin PBXVariantGroup section */
		EE76E35F246604CD007D06C3 /* LaunchScreen.storyboard */ = {
			isa = PBXVariantGroup;
			children = (
				EE76E360246604CD007D06C3 /* Base */,
			);
			name = LaunchScreen.storyboard;
			sourceTree = "<group>";
		};
/* End PBXVariantGroup section */

/* Begin XCBuildConfiguration section */
		EE76E363246604CD007D06C3 /* Debug */ = {
			isa = XCBuildConfiguration;
			buildSettings = {
				ALWAYS_SEARCH_USER_PATHS = NO;
				CLANG_ANALYZER_NONNULL = YES;
				CLANG_ANALYZER_NUMBER_OBJECT_CONVERSION = YES_AGGRESSIVE;
				CLANG_CXX_LANGUAGE_STANDARD = "gnu++14";
				CLANG_CXX_LIBRARY = "libc++";
				CLANG_ENABLE_MODULES = YES;
				CLANG_ENABLE_OBJC_ARC = YES;
				CLANG_ENABLE_OBJC_WEAK = YES;
				CLANG_WARN_BLOCK_CAPTURE_AUTORELEASING = YES;
				CLANG_WARN_BOOL_CONVERSION = YES;
				CLANG_WARN_COMMA = YES;
				CLANG_WARN_CONSTANT_CONVERSION = YES;
				CLANG_WARN_DEPRECATED_OBJC_IMPLEMENTATIONS = YES;
				CLANG_WARN_DIRECT_OBJC_ISA_USAGE = YES_ERROR;
				CLANG_WARN_DOCUMENTATION_COMMENTS = YES;
				CLANG_WARN_EMPTY_BODY = YES;
				CLANG_WARN_ENUM_CONVERSION = YES;
				CLANG_WARN_INFINITE_RECURSION = YES;
				CLANG_WARN_INT_CONVERSION = YES;
				CLANG_WARN_NON_LITERAL_NULL_CONVERSION = YES;
				CLANG_WARN_OBJC_IMPLICIT_RETAIN_SELF = YES;
				CLANG_WARN_OBJC_LITERAL_CONVERSION = YES;
				CLANG_WARN_OBJC_ROOT_CLASS = YES_ERROR;
				CLANG_WARN_RANGE_LOOP_ANALYSIS = YES;
				CLANG_WARN_STRICT_PROTOTYPES = YES;
				CLANG_WARN_SUSPICIOUS_MOVE = YES;
				CLANG_WARN_UNGUARDED_AVAILABILITY = YES_AGGRESSIVE;
				CLANG_WARN_UNREACHABLE_CODE = YES;
				CLANG_WARN__DUPLICATE_METHOD_MATCH = YES;
				COPY_PHASE_STRIP = NO;
				DEBUG_INFORMATION_FORMAT = dwarf;
				ENABLE_STRICT_OBJC_MSGSEND = YES;
				ENABLE_TESTABILITY = YES;
				GCC_C_LANGUAGE_STANDARD = gnu11;
				GCC_DYNAMIC_NO_PIC = NO;
				GCC_NO_COMMON_BLOCKS = YES;
				GCC_OPTIMIZATION_LEVEL = 0;
				GCC_PREPROCESSOR_DEFINITIONS = (
					"DEBUG=1",
					"$(inherited)",
				);
				GCC_WARN_64_TO_32_BIT_CONVERSION = YES;
				GCC_WARN_ABOUT_RETURN_TYPE = YES_ERROR;
				GCC_WARN_UNDECLARED_SELECTOR = YES;
				GCC_WARN_UNINITIALIZED_AUTOS = YES_AGGRESSIVE;
				GCC_WARN_UNUSED_FUNCTION = YES;
				GCC_WARN_UNUSED_VARIABLE = YES;
				IPHONEOS_DEPLOYMENT_TARGET = 13.2;
				MTL_ENABLE_DEBUG_INFO = INCLUDE_SOURCE;
				MTL_FAST_MATH = YES;
				ONLY_ACTIVE_ARCH = YES;
				SDKROOT = iphoneos;
				SWIFT_ACTIVE_COMPILATION_CONDITIONS = DEBUG;
				SWIFT_OPTIMIZATION_LEVEL = "-Onone";
			};
			name = Debug;
		};
		EE76E364246604CD007D06C3 /* Release */ = {
			isa = XCBuildConfiguration;
			buildSettings = {
				ALWAYS_SEARCH_USER_PATHS = NO;
				CLANG_ANALYZER_NONNULL = YES;
				CLANG_ANALYZER_NUMBER_OBJECT_CONVERSION = YES_AGGRESSIVE;
				CLANG_CXX_LANGUAGE_STANDARD = "gnu++14";
				CLANG_CXX_LIBRARY = "libc++";
				CLANG_ENABLE_MODULES = YES;
				CLANG_ENABLE_OBJC_ARC = YES;
				CLANG_ENABLE_OBJC_WEAK = YES;
				CLANG_WARN_BLOCK_CAPTURE_AUTORELEASING = YES;
				CLANG_WARN_BOOL_CONVERSION = YES;
				CLANG_WARN_COMMA = YES;
				CLANG_WARN_CONSTANT_CONVERSION = YES;
				CLANG_WARN_DEPRECATED_OBJC_IMPLEMENTATIONS = YES;
				CLANG_WARN_DIRECT_OBJC_ISA_USAGE = YES_ERROR;
				CLANG_WARN_DOCUMENTATION_COMMENTS = YES;
				CLANG_WARN_EMPTY_BODY = YES;
				CLANG_WARN_ENUM_CONVERSION = YES;
				CLANG_WARN_INFINITE_RECURSION = YES;
				CLANG_WARN_INT_CONVERSION = YES;
				CLANG_WARN_NON_LITERAL_NULL_CONVERSION = YES;
				CLANG_WARN_OBJC_IMPLICIT_RETAIN_SELF = YES;
				CLANG_WARN_OBJC_LITERAL_CONVERSION = YES;
				CLANG_WARN_OBJC_ROOT_CLASS = YES_ERROR;
				CLANG_WARN_RANGE_LOOP_ANALYSIS = YES;
				CLANG_WARN_STRICT_PROTOTYPES = YES;
				CLANG_WARN_SUSPICIOUS_MOVE = YES;
				CLANG_WARN_UNGUARDED_AVAILABILITY = YES_AGGRESSIVE;
				CLANG_WARN_UNREACHABLE_CODE = YES;
				CLANG_WARN__DUPLICATE_METHOD_MATCH = YES;
				COPY_PHASE_STRIP = NO;
				DEBUG_INFORMATION_FORMAT = "dwarf-with-dsym";
				ENABLE_NS_ASSERTIONS = NO;
				ENABLE_STRICT_OBJC_MSGSEND = YES;
				GCC_C_LANGUAGE_STANDARD = gnu11;
				GCC_NO_COMMON_BLOCKS = YES;
				GCC_WARN_64_TO_32_BIT_CONVERSION = YES;
				GCC_WARN_ABOUT_RETURN_TYPE = YES_ERROR;
				GCC_WARN_UNDECLARED_SELECTOR = YES;
				GCC_WARN_UNINITIALIZED_AUTOS = YES_AGGRESSIVE;
				GCC_WARN_UNUSED_FUNCTION = YES;
				GCC_WARN_UNUSED_VARIABLE = YES;
				IPHONEOS_DEPLOYMENT_TARGET = 13.2;
				MTL_ENABLE_DEBUG_INFO = NO;
				MTL_FAST_MATH = YES;
				SDKROOT = iphoneos;
				SWIFT_COMPILATION_MODE = wholemodule;
				SWIFT_OPTIMIZATION_LEVEL = "-O";
				VALIDATE_PRODUCT = YES;
			};
			name = Release;
		};
		EE76E366246604CD007D06C3 /* Debug */ = {
			isa = XCBuildConfiguration;
			buildSettings = {
				ASSETCATALOG_COMPILER_APPICON_NAME = AppIcon;
				CODE_SIGN_STYLE = Automatic;
				DEVELOPMENT_ASSET_PATHS = "\"SwiftUIList/Preview Content\"";
				DEVELOPMENT_TEAM = HNW2Y8FD72;
				ENABLE_PREVIEWS = YES;
				INFOPLIST_FILE = SwiftUIList/Info.plist;
				LD_RUNPATH_SEARCH_PATHS = (
					"$(inherited)",
					"@executable_path/Frameworks",
				);
				PRODUCT_BUNDLE_IDENTIFIER = "com.app-developerz.SwiftUIList";
				PRODUCT_NAME = "$(TARGET_NAME)";
				SWIFT_VERSION = 5.0;
				TARGETED_DEVICE_FAMILY = "1,2";
			};
			name = Debug;
		};
		EE76E367246604CD007D06C3 /* Release */ = {
			isa = XCBuildConfiguration;
			buildSettings = {
				ASSETCATALOG_COMPILER_APPICON_NAME = AppIcon;
				CODE_SIGN_STYLE = Automatic;
				DEVELOPMENT_ASSET_PATHS = "\"SwiftUIList/Preview Content\"";
				DEVELOPMENT_TEAM = HNW2Y8FD72;
				ENABLE_PREVIEWS = YES;
				INFOPLIST_FILE = SwiftUIList/Info.plist;
				LD_RUNPATH_SEARCH_PATHS = (
					"$(inherited)",
					"@executable_path/Frameworks",
				);
				PRODUCT_BUNDLE_IDENTIFIER = "com.app-developerz.SwiftUIList";
				PRODUCT_NAME = "$(TARGET_NAME)";
				SWIFT_VERSION = 5.0;
				TARGETED_DEVICE_FAMILY = "1,2";
			};
			name = Release;
		};
/* End XCBuildConfiguration section */

/* Begin XCConfigurationList section */
		EE76E34C246604CC007D06C3 /* Build configuration list for PBXProject "SwiftUIList" */ = {
			isa = XCConfigurationList;
			buildConfigurations = (
				EE76E363246604CD007D06C3 /* Debug */,
				EE76E364246604CD007D06C3 /* Release */,
			);
			defaultConfigurationIsVisible = 0;
			defaultConfigurationName = Release;
		};
		EE76E365246604CD007D06C3 /* Build configuration list for PBXNativeTarget "SwiftUIList" */ = {
			isa = XCConfigurationList;
			buildConfigurations = (
				EE76E366246604CD007D06C3 /* Debug */,
				EE76E367246604CD007D06C3 /* Release */,
			);
			defaultConfigurationIsVisible = 0;
			defaultConfigurationName = Release;
		};
/* End XCConfigurationList section */
	};
	rootObject = EE76E349246604CC007D06C3 /* Project object */;
}
